
Microsoft Visual Studio Solution File, Format Version 12.00
Project("{FAE04EC0-301F-11D3-BF4B-00C04F79EFBC}") = "PolymorphicContracts.TypeDiscriminatorSwaggerSetup", "PolymorphicContracts.TypeDiscriminatorSwaggerSetup\PolymorphicContracts.TypeDiscriminatorSwaggerSetup.csproj", "{A9352630-F359-4569-96B8-455F87543F02}"
EndProject
Global
	GlobalSection(SolutionConfigurationPlatforms) = preSolution
		Debug|Any CPU = Debug|Any CPU
		Release|Any CPU = Release|Any CPU
	EndGlobalSection
	GlobalSection(ProjectConfigurationPlatforms) = postSolution
		{A9352630-F359-4569-96B8-455F87543F02}.Debug|Any CPU.ActiveCfg = Debug|Any CPU
		{A9352630-F359-4569-96B8-455F87543F02}.Debug|Any CPU.Build.0 = Debug|Any CPU
		{A9352630-F359-4569-96B8-455F87543F02}.Release|Any CPU.ActiveCfg = Release|Any CPU
		{A9352630-F359-4569-96B8-455F87543F02}.Release|Any CPU.Build.0 = Release|Any CPU
	EndGlobalSection
EndGlobal
